
Microsoft Visual Studio Solution File, Format Version 12.00
# Visual Studio Version 17
VisualStudioVersion = 17.14.37012.4
MinimumVisualStudioVersion = 10.0.40219.1
Project("{FAE04EC0-301F-11D3-BF4B-00C04F79EFBC}") = "Diccionarios01", "Diccionarios\Diccionarios01.csproj", "{ACAD88F8-052E-4EE8-955B-D5996C9A1E03}"
EndProject
Project("{FAE04EC0-301F-11D3-BF4B-00C04F79EFBC}") = "Diccionarios02", "Diccionarios2\Diccionarios02.csproj", "{A70306B8-3ABD-409B-BBA1-688688F4FFB5}"
EndProject
Project("{FAE04EC0-301F-11D3-BF4B-00C04F79EFBC}") = "Diccionarios3", "Diccionarios3\Diccionarios3.csproj", "{EF9E2A3C-E315-48D2-B0DB-0A54E0B30A5D}"
EndProject
Project("{FAE04EC0-301F-11D3-BF4B-00C04F79EFBC}") = "Diccionarios4", "Diccionarios4\Diccionarios4.csproj", "{ECF8D6A2-DA48-4020-A938-7DB9DB262272}"
EndProject
Project("{FAE04EC0-301F-11D3-BF4B-00C04F79EFBC}") = "Diccionarios5", "Diccionarios5\Diccionarios5.csproj", "{D84640C4-F8A8-4DC6-B78B-89F4EBC5D3F5}"
EndProject
Project("{FAE04EC0-301F-11D3-BF4B-00C04F79EFBC}") = "Diccionarios6", "Diccionarios6\Diccionarios6.csproj", "{8C03A2B0-A8C9-4B0A-97E5-E17734A8F03B}"
EndProject
Project("{FAE04EC0-301F-11D3-BF4B-00C04F79EFBC}") = "Diccionarios7", "Diccionarios7\Diccionarios7.csproj", "{02C5EB25-6629-462F-90CF-6ABAF3FBDB4C}"
EndProject
Project("{FAE04EC0-301F-11D3-BF4B-00C04F79EFBC}") = "Diccionarios8", "Diccionarios8\Diccionarios8.csproj", "{5374C503-0E86-462E-B220-0F8151A2DFAB}"
EndProject
Project("{FAE04EC0-301F-11D3-BF4B-00C04F79EFBC}") = "Diccionarios9", "Diccionarios9\Diccionarios9.csproj", "{46562AD5-E423-4C22-936E-BFB5399A933C}"
EndProject
Project("{FAE04EC0-301F-11D3-BF4B-00C04F79EFBC}") = "Diccionarios10", "Diccionarios10\Diccionarios10.csproj", "{97D440BB-0977-4596-86C1-05AFB650E4F2}"
EndProject
Project("{FAE04EC0-301F-11D3-BF4B-00C04F79EFBC}") = "Diccionarios11", "Diccionarios11\Diccionarios11.csproj", "{0C12542C-FD38-4353-9B86-19A42D77DFD6}"
EndProject
Project("{FAE04EC0-301F-11D3-BF4B-00C04F79EFBC}") = "Diccionarios12", "Diccionarios12\Diccionarios12.csproj", "{57BD4626-FC5C-45AD-B0BC-02041F59E542}"
EndProject
Project("{FAE04EC0-301F-11D3-BF4B-00C04F79EFBC}") = "Diccionarios13", "Diccionarios13\Diccionarios13.csproj", "{CCBCC610-2435-4153-A061-570CF398BE86}"
EndProject
Project("{FAE04EC0-301F-11D3-BF4B-00C04F79EFBC}") = "Diccionarios14", "Diccionarios14\Diccionarios14.csproj", "{DB6F65FA-752B-4BA0-A63E-5D1B93FB23AE}"
EndProject
Project("{FAE04EC0-301F-11D3-BF4B-00C04F79EFBC}") = "Diccionarios15", "Diccionarios15\Diccionarios15.csproj", "{BC74219D-CAB1-4358-9B84-B2F71B7E778D}"
EndProject
Project("{FAE04EC0-301F-11D3-BF4B-00C04F79EFBC}") = "Diccionarios16", "Diccionarios16\Diccionarios16.csproj", "{0237C716-DA08-4E8C-88A8-E0ED6AB22FAD}"
EndProject
Project("{FAE04EC0-301F-11D3-BF4B-00C04F79EFBC}") = "Diccionarios17", "Diccionarios17\Diccionarios17.csproj", "{430B7227-4491-4B51-A343-4F7E08162749}"
EndProject
Project("{FAE04EC0-301F-11D3-BF4B-00C04F79EFBC}") = "Diccionarios18", "Diccionarios18\Diccionarios18.csproj", "{8F60CD66-3E11-497B-A309-6D502130C73A}"
EndProject
Project("{FAE04EC0-301F-11D3-BF4B-00C04F79EFBC}") = "Diccionarios19", "Diccionarios19\Diccionarios19.csproj", "{2AC4919D-CC4A-4D91-9889-E2B350A87043}"
EndProject
Project("{FAE04EC0-301F-11D3-BF4B-00C04F79EFBC}") = "Diccionarios20", "Diccionarios20\Diccionarios20.csproj", "{B2B03A50-A72A-402B-9436-FDF8EE974267}"
EndProject
Global
	GlobalSection(SolutionConfigurationPlatforms) = preSolution
		Debug|Any CPU = Debug|Any CPU
		Release|Any CPU = Release|Any CPU
	EndGlobalSection
	GlobalSection(ProjectConfigurationPlatforms) = postSolution
		{ACAD88F8-052E-4EE8-955B-D5996C9A1E03}.Debug|Any CPU.ActiveCfg = Debug|Any CPU
		{ACAD88F8-052E-4EE8-955B-D5996C9A1E03}.Debug|Any CPU.Build.0 = Debug|Any CPU
		{ACAD88F8-052E-4EE8-955B-D5996C9A1E03}.Release|Any CPU.ActiveCfg = Release|Any CPU
		{ACAD88F8-052E-4EE8-955B-D5996C9A1E03}.Release|Any CPU.Build.0 = Release|Any CPU
		{A70306B8-3ABD-409B-BBA1-688688F4FFB5}.Debug|Any CPU.ActiveCfg = Debug|Any CPU
		{A70306B8-3ABD-409B-BBA1-688688F4FFB5}.Debug|Any CPU.Build.0 = Debug|Any CPU
		{A70306B8-3ABD-409B-BBA1-688688F4FFB5}.Release|Any CPU.ActiveCfg = Release|Any CPU
		{A70306B8-3ABD-409B-BBA1-688688F4FFB5}.Release|Any CPU.Build.0 = Release|Any CPU
		{EF9E2A3C-E315-48D2-B0DB-0A54E0B30A5D}.Debug|Any CPU.ActiveCfg = Debug|Any CPU
		{EF9E2A3C-E315-48D2-B0DB-0A54E0B30A5D}.Debug|Any CPU.Build.0 = Debug|Any CPU
		{EF9E2A3C-E315-48D2-B0DB-0A54E0B30A5D}.Release|Any CPU.ActiveCfg = Release|Any CPU
		{EF9E2A3C-E315-48D2-B0DB-0A54E0B30A5D}.Release|Any CPU.Build.0 = Release|Any CPU
		{ECF8D6A2-DA48-4020-A938-7DB9DB262272}.Debug|Any CPU.ActiveCfg = Debug|Any CPU
		{ECF8D6A2-DA48-4020-A938-7DB9DB262272}.Debug|Any CPU.Build.0 = Debug|Any CPU
		{ECF8D6A2-DA48-4020-A938-7DB9DB262272}.Release|Any CPU.ActiveCfg = Release|Any CPU
		{ECF8D6A2-DA48-4020-A938-7DB9DB262272}.Release|Any CPU.Build.0 = Release|Any CPU
		{D84640C4-F8A8-4DC6-B78B-89F4EBC5D3F5}.Debug|Any CPU.ActiveCfg = Debug|Any CPU
		{D84640C4-F8A8-4DC6-B78B-89F4EBC5D3F5}.Debug|Any CPU.Build.0 = Debug|Any CPU
		{D84640C4-F8A8-4DC6-B78B-89F4EBC5D3F5}.Release|Any CPU.ActiveCfg = Release|Any CPU
		{D84640C4-F8A8-4DC6-B78B-89F4EBC5D3F5}.Release|Any CPU.Build.0 = Release|Any CPU
		{8C03A2B0-A8C9-4B0A-97E5-E17734A8F03B}.Debug|Any CPU.ActiveCfg = Debug|Any CPU
		{8C03A2B0-A8C9-4B0A-97E5-E17734A8F03B}.Debug|Any CPU.Build.0 = Debug|Any CPU
		{8C03A2B0-A8C9-4B0A-97E5-E17734A8F03B}.Release|Any CPU.ActiveCfg = Release|Any CPU
		{8C03A2B0-A8C9-4B0A-97E5-E17734A8F03B}.Release|Any CPU.Build.0 = Release|Any CPU
		{02C5EB25-6629-462F-90CF-6ABAF3FBDB4C}.Debug|Any CPU.ActiveCfg = Debug|Any CPU
		{02C5EB25-6629-462F-90CF-6ABAF3FBDB4C}.Debug|Any CPU.Build.0 = Debug|Any CPU
		{02C5EB25-6629-462F-90CF-6ABAF3FBDB4C}.Release|Any CPU.ActiveCfg = Release|Any CPU
		{02C5EB25-6629-462F-90CF-6ABAF3FBDB4C}.Release|Any CPU.Build.0 = Release|Any CPU
		{5374C503-0E86-462E-B220-0F8151A2DFAB}.Debug|Any CPU.ActiveCfg = Debug|Any CPU
		{5374C503-0E86-462E-B220-0F8151A2DFAB}.Debug|Any CPU.Build.0 = Debug|Any CPU
		{5374C503-0E86-462E-B220-0F8151A2DFAB}.Release|Any CPU.ActiveCfg = Release|Any CPU
		{5374C503-0E86-462E-B220-0F8151A2DFAB}.Release|Any CPU.Build.0 = Release|Any CPU
		{46562AD5-E423-4C22-936E-BFB5399A933C}.Debug|Any CPU.ActiveCfg = Debug|Any CPU
		{46562AD5-E423-4C22-936E-BFB5399A933C}.Debug|Any CPU.Build.0 = Debug|Any CPU
		{46562AD5-E423-4C22-936E-BFB5399A933C}.Release|Any CPU.ActiveCfg = Release|Any CPU
		{46562AD5-E423-4C22-936E-BFB5399A933C}.Release|Any CPU.Build.0 = Release|Any CPU
		{97D440BB-0977-4596-86C1-05AFB650E4F2}.Debug|Any CPU.ActiveCfg = Debug|Any CPU
		{97D440BB-0977-4596-86C1-05AFB650E4F2}.Debug|Any CPU.Build.0 = Debug|Any CPU
		{97D440BB-0977-4596-86C1-05AFB650E4F2}.Release|Any CPU.ActiveCfg = Release|Any CPU
		{97D440BB-0977-4596-86C1-05AFB650E4F2}.Release|Any CPU.Build.0 = Release|Any CPU
		{0C12542C-FD38-4353-9B86-19A42D77DFD6}.Debug|Any CPU.ActiveCfg = Debug|Any CPU
		{0C12542C-FD38-4353-9B86-19A42D77DFD6}.Debug|Any CPU.Build.0 = Debug|Any CPU
		{0C12542C-FD38-4353-9B86-19A42D77DFD6}.Release|Any CPU.ActiveCfg = Release|Any CPU
		{0C12542C-FD38-4353-9B86-19A42D77DFD6}.Release|Any CPU.Build.0 = Release|Any CPU
		{57BD4626-FC5C-45AD-B0BC-02041F59E542}.Debug|Any CPU.ActiveCfg = Debug|Any CPU
		{57BD4626-FC5C-45AD-B0BC-02041F59E542}.Debug|Any CPU.Build.0 = Debug|Any CPU
		{57BD4626-FC5C-45AD-B0BC-02041F59E542}.Release|Any CPU.ActiveCfg = Release|Any CPU
		{57BD4626-FC5C-45AD-B0BC-02041F59E542}.Release|Any CPU.Build.0 = Release|Any CPU
		{CCBCC610-2435-4153-A061-570CF398BE86}.Debug|Any CPU.ActiveCfg = Debug|Any CPU
		{CCBCC610-2435-4153-A061-570CF398BE86}.Debug|Any CPU.Build.0 = Debug|Any CPU
		{CCBCC610-2435-4153-A061-570CF398BE86}.Release|Any CPU.ActiveCfg = Release|Any CPU
		{CCBCC610-2435-4153-A061-570CF398BE86}.Release|Any CPU.Build.0 = Release|Any CPU
		{DB6F65FA-752B-4BA0-A63E-5D1B93FB23AE}.Debug|Any CPU.ActiveCfg = Debug|Any CPU
		{DB6F65FA-752B-4BA0-A63E-5D1B93FB23AE}.Debug|Any CPU.Build.0 = Debug|Any CPU
		{DB6F65FA-752B-4BA0-A63E-5D1B93FB23AE}.Release|Any CPU.ActiveCfg = Release|Any CPU
		{DB6F65FA-752B-4BA0-A63E-5D1B93FB23AE}.Release|Any CPU.Build.0 = Release|Any CPU
		{BC74219D-CAB1-4358-9B84-B2F71B7E778D}.Debug|Any CPU.ActiveCfg = Debug|Any CPU
		{BC74219D-CAB1-4358-9B84-B2F71B7E778D}.Debug|Any CPU.Build.0 = Debug|Any CPU
		{BC74219D-CAB1-4358-9B84-B2F71B7E778D}.Release|Any CPU.ActiveCfg = Release|Any CPU
		{BC74219D-CAB1-4358-9B84-B2F71B7E778D}.Release|Any CPU.Build.0 = Release|Any CPU
		{0237C716-DA08-4E8C-88A8-E0ED6AB22FAD}.Debug|Any CPU.ActiveCfg = Debug|Any CPU
		{0237C716-DA08-4E8C-88A8-E0ED6AB22FAD}.Debug|Any CPU.Build.0 = Debug|Any CPU
		{0237C716-DA08-4E8C-88A8-E0ED6AB22FAD}.Release|Any CPU.ActiveCfg = Release|Any CPU
		{0237C716-DA08-4E8C-88A8-E0ED6AB22FAD}.Release|Any CPU.Build.0 = Release|Any CPU
		{430B7227-4491-4B51-A343-4F7E08162749}.Debug|Any CPU.ActiveCfg = Debug|Any CPU
		{430B7227-4491-4B51-A343-4F7E08162749}.Debug|Any CPU.Build.0 = Debug|Any CPU
		{430B7227-4491-4B51-A343-4F7E08162749}.Release|Any CPU.ActiveCfg = Release|Any CPU
		{430B7227-4491-4B51-A343-4F7E08162749}.Release|Any CPU.Build.0 = Release|Any CPU
		{8F60CD66-3E11-497B-A309-6D502130C73A}.Debug|Any CPU.ActiveCfg = Debug|Any CPU
		{8F60CD66-3E11-497B-A309-6D502130C73A}.Debug|Any CPU.Build.0 = Debug|Any CPU
		{8F60CD66-3E11-497B-A309-6D502130C73A}.Release|Any CPU.ActiveCfg = Release|Any CPU
		{8F60CD66-3E11-497B-A309-6D502130C73A}.Release|Any CPU.Build.0 = Release|Any CPU
		{2AC4919D-CC4A-4D91-9889-E2B350A87043}.Debug|Any CPU.ActiveCfg = Debug|Any CPU
		{2AC4919D-CC4A-4D91-9889-E2B350A87043}.Debug|Any CPU.Build.0 = Debug|Any CPU
		{2AC4919D-CC4A-4D91-9889-E2B350A87043}.Release|Any CPU.ActiveCfg = Release|Any CPU
		{2AC4919D-CC4A-4D91-9889-E2B350A87043}.Release|Any CPU.Build.0 = Release|Any CPU
		{B2B03A50-A72A-402B-9436-FDF8EE974267}.Debug|Any CPU.ActiveCfg = Debug|Any CPU
		{B2B03A50-A72A-402B-9436-FDF8EE974267}.Debug|Any CPU.Build.0 = Debug|Any CPU
		{B2B03A50-A72A-402B-9436-FDF8EE974267}.Release|Any CPU.ActiveCfg = Release|Any CPU
		{B2B03A50-A72A-402B-9436-FDF8EE974267}.Release|Any CPU.Build.0 = Release|Any CPU
	EndGlobalSection
	GlobalSection(SolutionProperties) = preSolution
		HideSolutionNode = FALSE
	EndGlobalSection
	GlobalSection(ExtensibilityGlobals) = postSolution
		SolutionGuid = {557A2511-916C-45E9-BB4F-653A97137888}
	EndGlobalSection
EndGlobal
