
Microsoft Visual Studio Solution File, Format Version 12.00
# Visual Studio Version 17
VisualStudioVersion = 17.14.37012.4
MinimumVisualStudioVersion = 10.0.40219.1
Project("{FAE04EC0-301F-11D3-BF4B-00C04F79EFBC}") = "Diccionarios", "Diccionarios\Diccionarios.csproj", "{ACAD88F8-052E-4EE8-955B-D5996C9A1E03}"
EndProject
Project("{FAE04EC0-301F-11D3-BF4B-00C04F79EFBC}") = "Diccionarios2", "Diccionarios2\Diccionarios2.csproj", "{A70306B8-3ABD-409B-BBA1-688688F4FFB5}"
EndProject
Project("{FAE04EC0-301F-11D3-BF4B-00C04F79EFBC}") = "Diccionarios3", "Diccionarios3\Diccionarios3.csproj", "{EF9E2A3C-E315-48D2-B0DB-0A54E0B30A5D}"
EndProject
Project("{FAE04EC0-301F-11D3-BF4B-00C04F79EFBC}") = "Diccionarios4", "Diccionarios4\Diccionarios4.csproj", "{ECF8D6A2-DA48-4020-A938-7DB9DB262272}"
EndProject
Project("{FAE04EC0-301F-11D3-BF4B-00C04F79EFBC}") = "Diccionarios5", "Diccionarios5\Diccionarios5.csproj", "{D84640C4-F8A8-4DC6-B78B-89F4EBC5D3F5}"
EndProject
Project("{FAE04EC0-301F-11D3-BF4B-00C04F79EFBC}") = "Diccionarios6", "Diccionarios6\Diccionarios6.csproj", "{8C03A2B0-A8C9-4B0A-97E5-E17734A8F03B}"
EndProject
Project("{FAE04EC0-301F-11D3-BF4B-00C04F79EFBC}") = "Diccionarios7", "Diccionarios7\Diccionarios7.csproj", "{02C5EB25-6629-462F-90CF-6ABAF3FBDB4C}"
EndProject
Project("{FAE04EC0-301F-11D3-BF4B-00C04F79EFBC}") = "Diccionarios8", "Diccionarios8\Diccionarios8.csproj", "{5374C503-0E86-462E-B220-0F8151A2DFAB}"
EndProject
Global
	GlobalSection(SolutionConfigurationPlatforms) = preSolution
		Debug|Any CPU = Debug|Any CPU
		Release|Any CPU = Release|Any CPU
	EndGlobalSection
	GlobalSection(ProjectConfigurationPlatforms) = postSolution
		{ACAD88F8-052E-4EE8-955B-D5996C9A1E03}.Debug|Any CPU.ActiveCfg = Debug|Any CPU
		{ACAD88F8-052E-4EE8-955B-D5996C9A1E03}.Debug|Any CPU.Build.0 = Debug|Any CPU
		{ACAD88F8-052E-4EE8-955B-D5996C9A1E03}.Release|Any CPU.ActiveCfg = Release|Any CPU
		{ACAD88F8-052E-4EE8-955B-D5996C9A1E03}.Release|Any CPU.Build.0 = Release|Any CPU
		{A70306B8-3ABD-409B-BBA1-688688F4FFB5}.Debug|Any CPU.ActiveCfg = Debug|Any CPU
		{A70306B8-3ABD-409B-BBA1-688688F4FFB5}.Debug|Any CPU.Build.0 = Debug|Any CPU
		{A70306B8-3ABD-409B-BBA1-688688F4FFB5}.Release|Any CPU.ActiveCfg = Release|Any CPU
		{A70306B8-3ABD-409B-BBA1-688688F4FFB5}.Release|Any CPU.Build.0 = Release|Any CPU
		{EF9E2A3C-E315-48D2-B0DB-0A54E0B30A5D}.Debug|Any CPU.ActiveCfg = Debug|Any CPU
		{EF9E2A3C-E315-48D2-B0DB-0A54E0B30A5D}.Debug|Any CPU.Build.0 = Debug|Any CPU
		{EF9E2A3C-E315-48D2-B0DB-0A54E0B30A5D}.Release|Any CPU.ActiveCfg = Release|Any CPU
		{EF9E2A3C-E315-48D2-B0DB-0A54E0B30A5D}.Release|Any CPU.Build.0 = Release|Any CPU
		{ECF8D6A2-DA48-4020-A938-7DB9DB262272}.Debug|Any CPU.ActiveCfg = Debug|Any CPU
		{ECF8D6A2-DA48-4020-A938-7DB9DB262272}.Debug|Any CPU.Build.0 = Debug|Any CPU
		{ECF8D6A2-DA48-4020-A938-7DB9DB262272}.Release|Any CPU.ActiveCfg = Release|Any CPU
		{ECF8D6A2-DA48-4020-A938-7DB9DB262272}.Release|Any CPU.Build.0 = Release|Any CPU
		{D84640C4-F8A8-4DC6-B78B-89F4EBC5D3F5}.Debug|Any CPU.ActiveCfg = Debug|Any CPU
		{D84640C4-F8A8-4DC6-B78B-89F4EBC5D3F5}.Debug|Any CPU.Build.0 = Debug|Any CPU
		{D84640C4-F8A8-4DC6-B78B-89F4EBC5D3F5}.Release|Any CPU.ActiveCfg = Release|Any CPU
		{D84640C4-F8A8-4DC6-B78B-89F4EBC5D3F5}.Release|Any CPU.Build.0 = Release|Any CPU
		{8C03A2B0-A8C9-4B0A-97E5-E17734A8F03B}.Debug|Any CPU.ActiveCfg = Debug|Any CPU
		{8C03A2B0-A8C9-4B0A-97E5-E17734A8F03B}.Debug|Any CPU.Build.0 = Debug|Any CPU
		{8C03A2B0-A8C9-4B0A-97E5-E17734A8F03B}.Release|Any CPU.ActiveCfg = Release|Any CPU
		{8C03A2B0-A8C9-4B0A-97E5-E17734A8F03B}.Release|Any CPU.Build.0 = Release|Any CPU
		{02C5EB25-6629-462F-90CF-6ABAF3FBDB4C}.Debug|Any CPU.ActiveCfg = Debug|Any CPU
		{02C5EB25-6629-462F-90CF-6ABAF3FBDB4C}.Debug|Any CPU.Build.0 = Debug|Any CPU
		{02C5EB25-6629-462F-90CF-6ABAF3FBDB4C}.Release|Any CPU.ActiveCfg = Release|Any CPU
		{02C5EB25-6629-462F-90CF-6ABAF3FBDB4C}.Release|Any CPU.Build.0 = Release|Any CPU
		{5374C503-0E86-462E-B220-0F8151A2DFAB}.Debug|Any CPU.ActiveCfg = Debug|Any CPU
		{5374C503-0E86-462E-B220-0F8151A2DFAB}.Debug|Any CPU.Build.0 = Debug|Any CPU
		{5374C503-0E86-462E-B220-0F8151A2DFAB}.Release|Any CPU.ActiveCfg = Release|Any CPU
		{5374C503-0E86-462E-B220-0F8151A2DFAB}.Release|Any CPU.Build.0 = Release|Any CPU
	EndGlobalSection
	GlobalSection(SolutionProperties) = preSolution
		HideSolutionNode = FALSE
	EndGlobalSection
	GlobalSection(ExtensibilityGlobals) = postSolution
		SolutionGuid = {557A2511-916C-45E9-BB4F-653A97137888}
	EndGlobalSection
EndGlobal
